
Microsoft Visual Studio Solution File, Format Version 12.00
# Visual Studio 15
VisualStudioVersion = 15.0.28307.902
MinimumVisualStudioVersion = 10.0.40219.1
Project("{FAE04EC0-301F-11D3-BF4B-00C04F79EFBC}") = "CinemaTool", "CinemaTool.csproj", "{138CB5CE-ACC5-42DC-B0A5-CF1AB6B38FCA}"
EndProject
Project("{FAE04EC0-301F-11D3-BF4B-00C04F79EFBC}") = "Model", "..\Model\Model.csproj", "{626CC2A7-B51D-4D26-B17A-CDB9E5422A2F}"
EndProject
Project("{FAE04EC0-301F-11D3-BF4B-00C04F79EFBC}") = "Tools", "..\Tools\Tools.csproj", "{5400816A-2D75-4BFE-966A-8947624FC50E}"
EndProject
Project("{FAE04EC0-301F-11D3-BF4B-00C04F79EFBC}") = "View", "..\View\View.csproj", "{77BC3B4A-1DE7-4AD7-BEC5-3682BEF0159F}"
EndProject
Project("{FAE04EC0-301F-11D3-BF4B-00C04F79EFBC}") = "ViewModel", "..\ViewModel\ViewModel.csproj", "{FC249785-1669-4C32-8D68-8721E4EFADC6}"
EndProject
Global
	GlobalSection(SolutionConfigurationPlatforms) = preSolution
		Debug|Any CPU = Debug|Any CPU
		Release|Any CPU = Release|Any CPU
	EndGlobalSection
	GlobalSection(ProjectConfigurationPlatforms) = postSolution
		{138CB5CE-ACC5-42DC-B0A5-CF1AB6B38FCA}.Debug|Any CPU.ActiveCfg = Debug|Any CPU
		{138CB5CE-ACC5-42DC-B0A5-CF1AB6B38FCA}.Debug|Any CPU.Build.0 = Debug|Any CPU
		{138CB5CE-ACC5-42DC-B0A5-CF1AB6B38FCA}.Release|Any CPU.ActiveCfg = Release|Any CPU
		{138CB5CE-ACC5-42DC-B0A5-CF1AB6B38FCA}.Release|Any CPU.Build.0 = Release|Any CPU
		{626CC2A7-B51D-4D26-B17A-CDB9E5422A2F}.Debug|Any CPU.ActiveCfg = Debug|Any CPU
		{626CC2A7-B51D-4D26-B17A-CDB9E5422A2F}.Debug|Any CPU.Build.0 = Debug|Any CPU
		{626CC2A7-B51D-4D26-B17A-CDB9E5422A2F}.Release|Any CPU.ActiveCfg = Release|Any CPU
		{626CC2A7-B51D-4D26-B17A-CDB9E5422A2F}.Release|Any CPU.Build.0 = Release|Any CPU
		{5400816A-2D75-4BFE-966A-8947624FC50E}.Debug|Any CPU.ActiveCfg = Debug|Any CPU
		{5400816A-2D75-4BFE-966A-8947624FC50E}.Debug|Any CPU.Build.0 = Debug|Any CPU
		{5400816A-2D75-4BFE-966A-8947624FC50E}.Release|Any CPU.ActiveCfg = Release|Any CPU
		{5400816A-2D75-4BFE-966A-8947624FC50E}.Release|Any CPU.Build.0 = Release|Any CPU
		{77BC3B4A-1DE7-4AD7-BEC5-3682BEF0159F}.Debug|Any CPU.ActiveCfg = Debug|Any CPU
		{77BC3B4A-1DE7-4AD7-BEC5-3682BEF0159F}.Debug|Any CPU.Build.0 = Debug|Any CPU
		{77BC3B4A-1DE7-4AD7-BEC5-3682BEF0159F}.Release|Any CPU.ActiveCfg = Release|Any CPU
		{77BC3B4A-1DE7-4AD7-BEC5-3682BEF0159F}.Release|Any CPU.Build.0 = Release|Any CPU
		{FC249785-1669-4C32-8D68-8721E4EFADC6}.Debug|Any CPU.ActiveCfg = Debug|Any CPU
		{FC249785-1669-4C32-8D68-8721E4EFADC6}.Debug|Any CPU.Build.0 = Debug|Any CPU
		{FC249785-1669-4C32-8D68-8721E4EFADC6}.Release|Any CPU.ActiveCfg = Release|Any CPU
		{FC249785-1669-4C32-8D68-8721E4EFADC6}.Release|Any CPU.Build.0 = Release|Any CPU
	EndGlobalSection
	GlobalSection(SolutionProperties) = preSolution
		HideSolutionNode = FALSE
	EndGlobalSection
	GlobalSection(ExtensibilityGlobals) = postSolution
		SolutionGuid = {48388DEA-7F53-462F-9130-6E317A675B67}
	EndGlobalSection
EndGlobal
